
Microsoft Visual Studio Solution File, Format Version 12.00
# Visual Studio 15
VisualStudioVersion = 15.0.28307.1169
MinimumVisualStudioVersion = 10.0.40219.1
Project("{FAE04EC0-301F-11D3-BF4B-00C04F79EFBC}") = "Lecture2Type", "Lecture2Type\Lecture2Type.csproj", "{6A4519CD-A447-4AC3-8801-8D978856313F}"
EndProject
Global
	GlobalSection(SolutionConfigurationPlatforms) = preSolution
		Debug|Any CPU = Debug|Any CPU
		Release|Any CPU = Release|Any CPU
	EndGlobalSection
	GlobalSection(ProjectConfigurationPlatforms) = postSolution
		{6A4519CD-A447-4AC3-8801-8D978856313F}.Debug|Any CPU.ActiveCfg = Debug|Any CPU
		{6A4519CD-A447-4AC3-8801-8D978856313F}.Debug|Any CPU.Build.0 = Debug|Any CPU
		{6A4519CD-A447-4AC3-8801-8D978856313F}.Release|Any CPU.ActiveCfg = Release|Any CPU
		{6A4519CD-A447-4AC3-8801-8D978856313F}.Release|Any CPU.Build.0 = Release|Any CPU
	EndGlobalSection
	GlobalSection(SolutionProperties) = preSolution
		HideSolutionNode = FALSE
	EndGlobalSection
	GlobalSection(ExtensibilityGlobals) = postSolution
		SolutionGuid = {D556DB8C-65E8-4C94-B319-AE4B86D7FA5F}
	EndGlobalSection
EndGlobal
