
Microsoft Visual Studio Solution File, Format Version 12.00
# Visual Studio 15
VisualStudioVersion = 15.0.28307.1209
MinimumVisualStudioVersion = 10.0.40219.1
Project("{FAE04EC0-301F-11D3-BF4B-00C04F79EFBC}") = "CW9", "CW9\CW9.csproj", "{0D4E274A-D6DB-427E-BFB6-912AEC3D3916}"
EndProject
Global
	GlobalSection(SolutionConfigurationPlatforms) = preSolution
		Debug|Any CPU = Debug|Any CPU
		Release|Any CPU = Release|Any CPU
	EndGlobalSection
	GlobalSection(ProjectConfigurationPlatforms) = postSolution
		{0D4E274A-D6DB-427E-BFB6-912AEC3D3916}.Debug|Any CPU.ActiveCfg = Debug|Any CPU
		{0D4E274A-D6DB-427E-BFB6-912AEC3D3916}.Debug|Any CPU.Build.0 = Debug|Any CPU
		{0D4E274A-D6DB-427E-BFB6-912AEC3D3916}.Release|Any CPU.ActiveCfg = Release|Any CPU
		{0D4E274A-D6DB-427E-BFB6-912AEC3D3916}.Release|Any CPU.Build.0 = Release|Any CPU
	EndGlobalSection
	GlobalSection(SolutionProperties) = preSolution
		HideSolutionNode = FALSE
	EndGlobalSection
	GlobalSection(ExtensibilityGlobals) = postSolution
		SolutionGuid = {6921E241-37B3-4CFF-8A1A-1614C94BFBA2}
	EndGlobalSection
EndGlobal
